
Microsoft Visual Studio Solution File, Format Version 12.00
# Visual Studio Version 17
VisualStudioVersion = 17.4.33213.308
MinimumVisualStudioVersion = 10.0.40219.1
Project("{9A19103F-16F7-4668-BE54-9A1E7A4F7556}") = "Office-Management-.NET-MVC-Angular-JWT", "Office-Management-.NET-MVC-Angular-JWT.csproj", "{47D7F54A-AF2E-4F7A-99AB-4DB8E977AAC8}"
EndProject
Global
	GlobalSection(SolutionConfigurationPlatforms) = preSolution
		Debug|Any CPU = Debug|Any CPU
		Release|Any CPU = Release|Any CPU
	EndGlobalSection
	GlobalSection(ProjectConfigurationPlatforms) = postSolution
		{47D7F54A-AF2E-4F7A-99AB-4DB8E977AAC8}.Debug|Any CPU.ActiveCfg = Debug|Any CPU
		{47D7F54A-AF2E-4F7A-99AB-4DB8E977AAC8}.Debug|Any CPU.Build.0 = Debug|Any CPU
		{47D7F54A-AF2E-4F7A-99AB-4DB8E977AAC8}.Release|Any CPU.ActiveCfg = Release|Any CPU
		{47D7F54A-AF2E-4F7A-99AB-4DB8E977AAC8}.Release|Any CPU.Build.0 = Release|Any CPU
	EndGlobalSection
	GlobalSection(SolutionProperties) = preSolution
		HideSolutionNode = FALSE
	EndGlobalSection
	GlobalSection(ExtensibilityGlobals) = postSolution
		SolutionGuid = {35D176D5-BF81-4405-87DC-16007A2B5727}
	EndGlobalSection
EndGlobal
